// !$*UTF8*$!
{
	archiveVersion = 1;
	classes = {
	};
	objectVersion = 50;
	objects = {

/* Begin PBXBuildFile section */
		427CA14A2231FAD80047A0CB /* SourceSansPro-Bold.otf in Resources */ = {isa = PBXBuildFile; fileRef = 427CA1492231FAD80047A0CB /* SourceSansPro-Bold.otf */; };
		427CA14E22322A450047A0CB /* SelectedViewController.swift in Sources */ = {isa = PBXBuildFile; fileRef = 427CA14D22322A450047A0CB /* SelectedViewController.swift */; };
		427CA15022322A580047A0CB /* SelectedVC - UISetup.swift in Sources */ = {isa = PBXBuildFile; fileRef = 427CA14F22322A580047A0CB /* SelectedVC - UISetup.swift */; };
		427CA156223238220047A0CB /* airportAnnotation.swift in Sources */ = {isa = PBXBuildFile; fileRef = 427CA155223238220047A0CB /* airportAnnotation.swift */; };
		427CA15822323A000047A0CB /* SelectedVC - Map.swift in Sources */ = {isa = PBXBuildFile; fileRef = 427CA15722323A000047A0CB /* SelectedVC - Map.swift */; };
		427CA15A22323A580047A0CB /* SelectedVC - Table.swift in Sources */ = {isa = PBXBuildFile; fileRef = 427CA15922323A580047A0CB /* SelectedVC - Table.swift */; };
		427CA15C22323FFB0047A0CB /* TableViewCell.swift in Sources */ = {isa = PBXBuildFile; fileRef = 427CA15B22323FFA0047A0CB /* TableViewCell.swift */; };
		427CA15F223263CB0047A0CB /* FavoritesViewController.swift in Sources */ = {isa = PBXBuildFile; fileRef = 427CA15E223263CA0047A0CB /* FavoritesViewController.swift */; };
		427CA1612232641F0047A0CB /* FavoritesVC - Table.swift in Sources */ = {isa = PBXBuildFile; fileRef = 427CA1602232641F0047A0CB /* FavoritesVC - Table.swift */; };
		427CA1632232647C0047A0CB /* FavoritesVC - UISetup.swift in Sources */ = {isa = PBXBuildFile; fileRef = 427CA1622232647C0047A0CB /* FavoritesVC - UISetup.swift */; };
		42FC39B3222F4C3500F2FB8F /* AppDelegate.swift in Sources */ = {isa = PBXBuildFile; fileRef = 42FC39B2222F4C3500F2FB8F /* AppDelegate.swift */; };
		42FC39B8222F4C3500F2FB8F /* Main.storyboard in Resources */ = {isa = PBXBuildFile; fileRef = 42FC39B6222F4C3500F2FB8F /* Main.storyboard */; };
		42FC39BA222F4C3700F2FB8F /* Assets.xcassets in Resources */ = {isa = PBXBuildFile; fileRef = 42FC39B9222F4C3700F2FB8F /* Assets.xcassets */; };
		42FC39BD222F4C3700F2FB8F /* LaunchScreen.storyboard in Resources */ = {isa = PBXBuildFile; fileRef = 42FC39BB222F4C3700F2FB8F /* LaunchScreen.storyboard */; };
		42FC39C5222F53E100F2FB8F /* Flight.swift in Sources */ = {isa = PBXBuildFile; fileRef = 42FC39C4222F53E100F2FB8F /* Flight.swift */; };
		42FC39C7222F540E00F2FB8F /* LufthansaAPI.swift in Sources */ = {isa = PBXBuildFile; fileRef = 42FC39C6222F540E00F2FB8F /* LufthansaAPI.swift */; };
		42FC39D0222F56CB00F2FB8F /* RequestViewController.swift in Sources */ = {isa = PBXBuildFile; fileRef = 42FC39CF222F56CB00F2FB8F /* RequestViewController.swift */; };
		42FC39D2222F56EB00F2FB8F /* RequestVC - UISetup.swift in Sources */ = {isa = PBXBuildFile; fileRef = 42FC39D1222F56EB00F2FB8F /* RequestVC - UISetup.swift */; };
		42FC39D4222F7B6A00F2FB8F /* SourceCodePro-Bold.otf in Resources */ = {isa = PBXBuildFile; fileRef = 42FC39D3222F7B6A00F2FB8F /* SourceCodePro-Bold.otf */; };
		42FC39D6222F7BA800F2FB8F /* SourceCodePro-Regular.otf in Resources */ = {isa = PBXBuildFile; fileRef = 42FC39D5222F7BA800F2FB8F /* SourceCodePro-Regular.otf */; };
		42FC39D8222F7BF000F2FB8F /* hexString.swift in Sources */ = {isa = PBXBuildFile; fileRef = 42FC39D7222F7BF000F2FB8F /* hexString.swift */; };
		42FC39DA222F7DD400F2FB8F /* BEBAS___.ttf in Resources */ = {isa = PBXBuildFile; fileRef = 42FC39D9222F7DD400F2FB8F /* BEBAS___.ttf */; };
		42FC39DC222F837800F2FB8F /* VT323-Regular.ttf in Resources */ = {isa = PBXBuildFile; fileRef = 42FC39DB222F837800F2FB8F /* VT323-Regular.ttf */; };
		42FC39DE223068F100F2FB8F /* Airport.swift in Sources */ = {isa = PBXBuildFile; fileRef = 42FC39DD223068F100F2FB8F /* Airport.swift */; };
		42FC39E022308A1700F2FB8F /* Utils.swift in Sources */ = {isa = PBXBuildFile; fileRef = 42FC39DF22308A1700F2FB8F /* Utils.swift */; };
		42FC39E22230971200F2FB8F /* Plane.swift in Sources */ = {isa = PBXBuildFile; fileRef = 42FC39E12230971200F2FB8F /* Plane.swift */; };
		42FC39E42230A05A00F2FB8F /* SourceSansPro-Regular.otf in Resources */ = {isa = PBXBuildFile; fileRef = 42FC39E32230A05A00F2FB8F /* SourceSansPro-Regular.otf */; };
		42FC39E72230A17900F2FB8F /* FlightViewController.swift in Sources */ = {isa = PBXBuildFile; fileRef = 42FC39E62230A17900F2FB8F /* FlightViewController.swift */; };
		42FC39E92230A18E00F2FB8F /* FlightVC - UISetup.swift in Sources */ = {isa = PBXBuildFile; fileRef = 42FC39E82230A18E00F2FB8F /* FlightVC - UISetup.swift */; };
		42FC39EB2230A4A300F2FB8F /* FlightVC - Map.swift in Sources */ = {isa = PBXBuildFile; fileRef = 42FC39EA2230A4A300F2FB8F /* FlightVC - Map.swift */; };
		42FC39EF2230DE3A00F2FB8F /* AirportsViewController.swift in Sources */ = {isa = PBXBuildFile; fileRef = 42FC39EE2230DE3A00F2FB8F /* AirportsViewController.swift */; };
		42FC39F32230DE9600F2FB8F /* AirportsVC - Map.swift in Sources */ = {isa = PBXBuildFile; fileRef = 42FC39F22230DE9600F2FB8F /* AirportsVC - Map.swift */; };
		4E78C7252F75348EBE69DDE6 /* Pods_FlightTracker.framework in Frameworks */ = {isa = PBXBuildFile; fileRef = CD59FBB1B7EE1B2202D89389 /* Pods_FlightTracker.framework */; };
/* End PBXBuildFile section */

/* Begin PBXFileReference section */
		25E5D47A6C85D5C94EA73F6F /* Pods-FlightTracker.debug.xcconfig */ = {isa = PBXFileReference; includeInIndex = 1; lastKnownFileType = text.xcconfig; name = "Pods-FlightTracker.debug.xcconfig"; path = "Target Support Files/Pods-FlightTracker/Pods-FlightTracker.debug.xcconfig"; sourceTree = "<group>"; };
		2FCC6948C4C788FA6FAD1E13 /* Pods-FlightTracker.release.xcconfig */ = {isa = PBXFileReference; includeInIndex = 1; lastKnownFileType = text.xcconfig; name = "Pods-FlightTracker.release.xcconfig"; path = "Target Support Files/Pods-FlightTracker/Pods-FlightTracker.release.xcconfig"; sourceTree = "<group>"; };
		427CA1492231FAD80047A0CB /* SourceSansPro-Bold.otf */ = {isa = PBXFileReference; lastKnownFileType = file; path = "SourceSansPro-Bold.otf"; sourceTree = "<group>"; };
		427CA14D22322A450047A0CB /* SelectedViewController.swift */ = {isa = PBXFileReference; lastKnownFileType = sourcecode.swift; path = SelectedViewController.swift; sourceTree = "<group>"; };
		427CA14F22322A580047A0CB /* SelectedVC - UISetup.swift */ = {isa = PBXFileReference; lastKnownFileType = sourcecode.swift; path = "SelectedVC - UISetup.swift"; sourceTree = "<group>"; };
		427CA155223238220047A0CB /* airportAnnotation.swift */ = {isa = PBXFileReference; lastKnownFileType = sourcecode.swift; path = airportAnnotation.swift; sourceTree = "<group>"; };
		427CA15722323A000047A0CB /* SelectedVC - Map.swift */ = {isa = PBXFileReference; lastKnownFileType = sourcecode.swift; path = "SelectedVC - Map.swift"; sourceTree = "<group>"; };
		427CA15922323A580047A0CB /* SelectedVC - Table.swift */ = {isa = PBXFileReference; lastKnownFileType = sourcecode.swift; path = "SelectedVC - Table.swift"; sourceTree = "<group>"; };
		427CA15B22323FFA0047A0CB /* TableViewCell.swift */ = {isa = PBXFileReference; lastKnownFileType = sourcecode.swift; path = TableViewCell.swift; sourceTree = "<group>"; };
		427CA15E223263CA0047A0CB /* FavoritesViewController.swift */ = {isa = PBXFileReference; lastKnownFileType = sourcecode.swift; path = FavoritesViewController.swift; sourceTree = "<group>"; };
		427CA1602232641F0047A0CB /* FavoritesVC - Table.swift */ = {isa = PBXFileReference; lastKnownFileType = sourcecode.swift; path = "FavoritesVC - Table.swift"; sourceTree = "<group>"; };
		427CA1622232647C0047A0CB /* FavoritesVC - UISetup.swift */ = {isa = PBXFileReference; lastKnownFileType = sourcecode.swift; path = "FavoritesVC - UISetup.swift"; sourceTree = "<group>"; };
		42FC39AF222F4C3500F2FB8F /* FlightTracker.app */ = {isa = PBXFileReference; explicitFileType = wrapper.application; includeInIndex = 0; path = FlightTracker.app; sourceTree = BUILT_PRODUCTS_DIR; };
		42FC39B2222F4C3500F2FB8F /* AppDelegate.swift */ = {isa = PBXFileReference; lastKnownFileType = sourcecode.swift; path = AppDelegate.swift; sourceTree = "<group>"; };
		42FC39B7222F4C3500F2FB8F /* Base */ = {isa = PBXFileReference; lastKnownFileType = file.storyboard; name = Base; path = Base.lproj/Main.storyboard; sourceTree = "<group>"; };
		42FC39B9222F4C3700F2FB8F /* Assets.xcassets */ = {isa = PBXFileReference; lastKnownFileType = folder.assetcatalog; path = Assets.xcassets; sourceTree = "<group>"; };
		42FC39BC222F4C3700F2FB8F /* Base */ = {isa = PBXFileReference; lastKnownFileType = file.storyboard; name = Base; path = Base.lproj/LaunchScreen.storyboard; sourceTree = "<group>"; };
		42FC39BE222F4C3700F2FB8F /* Info.plist */ = {isa = PBXFileReference; lastKnownFileType = text.plist.xml; path = Info.plist; sourceTree = "<group>"; };
		42FC39C4222F53E100F2FB8F /* Flight.swift */ = {isa = PBXFileReference; lastKnownFileType = sourcecode.swift; path = Flight.swift; sourceTree = "<group>"; };
		42FC39C6222F540E00F2FB8F /* LufthansaAPI.swift */ = {isa = PBXFileReference; lastKnownFileType = sourcecode.swift; path = LufthansaAPI.swift; sourceTree = "<group>"; };
		42FC39CF222F56CB00F2FB8F /* RequestViewController.swift */ = {isa = PBXFileReference; lastKnownFileType = sourcecode.swift; path = RequestViewController.swift; sourceTree = "<group>"; };
		42FC39D1222F56EB00F2FB8F /* RequestVC - UISetup.swift */ = {isa = PBXFileReference; lastKnownFileType = sourcecode.swift; path = "RequestVC - UISetup.swift"; sourceTree = "<group>"; };
		42FC39D3222F7B6A00F2FB8F /* SourceCodePro-Bold.otf */ = {isa = PBXFileReference; lastKnownFileType = file; path = "SourceCodePro-Bold.otf"; sourceTree = "<group>"; };
		42FC39D5222F7BA800F2FB8F /* SourceCodePro-Regular.otf */ = {isa = PBXFileReference; lastKnownFileType = file; path = "SourceCodePro-Regular.otf"; sourceTree = "<group>"; };
		42FC39D7222F7BF000F2FB8F /* hexString.swift */ = {isa = PBXFileReference; lastKnownFileType = sourcecode.swift; path = hexString.swift; sourceTree = "<group>"; };
		42FC39D9222F7DD400F2FB8F /* BEBAS___.ttf */ = {isa = PBXFileReference; lastKnownFileType = file; path = "BEBAS___.ttf"; sourceTree = "<group>"; };
		42FC39DB222F837800F2FB8F /* VT323-Regular.ttf */ = {isa = PBXFileReference; lastKnownFileType = file; path = "VT323-Regular.ttf"; sourceTree = "<group>"; };
		42FC39DD223068F100F2FB8F /* Airport.swift */ = {isa = PBXFileReference; lastKnownFileType = sourcecode.swift; path = Airport.swift; sourceTree = "<group>"; };
		42FC39DF22308A1700F2FB8F /* Utils.swift */ = {isa = PBXFileReference; lastKnownFileType = sourcecode.swift; path = Utils.swift; sourceTree = "<group>"; };
		42FC39E12230971200F2FB8F /* Plane.swift */ = {isa = PBXFileReference; lastKnownFileType = sourcecode.swift; path = Plane.swift; sourceTree = "<group>"; };
		42FC39E32230A05A00F2FB8F /* SourceSansPro-Regular.otf */ = {isa = PBXFileReference; lastKnownFileType = file; path = "SourceSansPro-Regular.otf"; sourceTree = "<group>"; };
		42FC39E62230A17900F2FB8F /* FlightViewController.swift */ = {isa = PBXFileReference; lastKnownFileType = sourcecode.swift; path = FlightViewController.swift; sourceTree = "<group>"; };
		42FC39E82230A18E00F2FB8F /* FlightVC - UISetup.swift */ = {isa = PBXFileReference; lastKnownFileType = sourcecode.swift; path = "FlightVC - UISetup.swift"; sourceTree = "<group>"; };
		42FC39EA2230A4A300F2FB8F /* FlightVC - Map.swift */ = {isa = PBXFileReference; lastKnownFileType = sourcecode.swift; path = "FlightVC - Map.swift"; sourceTree = "<group>"; };
		42FC39EE2230DE3A00F2FB8F /* AirportsViewController.swift */ = {isa = PBXFileReference; lastKnownFileType = sourcecode.swift; path = AirportsViewController.swift; sourceTree = "<group>"; };
		42FC39F22230DE9600F2FB8F /* AirportsVC - Map.swift */ = {isa = PBXFileReference; lastKnownFileType = sourcecode.swift; path = "AirportsVC - Map.swift"; sourceTree = "<group>"; };
		CD59FBB1B7EE1B2202D89389 /* Pods_FlightTracker.framework */ = {isa = PBXFileReference; explicitFileType = wrapper.framework; includeInIndex = 0; path = Pods_FlightTracker.framework; sourceTree = BUILT_PRODUCTS_DIR; };
/* End PBXFileReference section */

/* Begin PBXFrameworksBuildPhase section */
		42FC39AC222F4C3500F2FB8F /* Frameworks */ = {
			isa = PBXFrameworksBuildPhase;
			buildActionMask = 2147483647;
			files = (
				4E78C7252F75348EBE69DDE6 /* Pods_FlightTracker.framework in Frameworks */,
			);
			runOnlyForDeploymentPostprocessing = 0;
		};
/* End PBXFrameworksBuildPhase section */

/* Begin PBXGroup section */
		427CA14C22322A090047A0CB /* SelectedViewController */ = {
			isa = PBXGroup;
			children = (
				427CA14D22322A450047A0CB /* SelectedViewController.swift */,
				427CA14F22322A580047A0CB /* SelectedVC - UISetup.swift */,
				427CA15722323A000047A0CB /* SelectedVC - Map.swift */,
				427CA15922323A580047A0CB /* SelectedVC - Table.swift */,
			);
			path = SelectedViewController;
			sourceTree = "<group>";
		};
		427CA15D223263960047A0CB /* FavoritesViewController */ = {
			isa = PBXGroup;
			children = (
				427CA15E223263CA0047A0CB /* FavoritesViewController.swift */,
				427CA1622232647C0047A0CB /* FavoritesVC - UISetup.swift */,
				427CA1602232641F0047A0CB /* FavoritesVC - Table.swift */,
			);
			path = FavoritesViewController;
			sourceTree = "<group>";
		};
		42FC39A6222F4C3500F2FB8F = {
			isa = PBXGroup;
			children = (
				42FC39B1222F4C3500F2FB8F /* FlightTracker */,
				42FC39B0222F4C3500F2FB8F /* Products */,
				63770107BF9AAFA00160FE60 /* Pods */,
				95A3C0CAAC0F93B847AC4EDD /* Frameworks */,
			);
			sourceTree = "<group>";
		};
		42FC39B0222F4C3500F2FB8F /* Products */ = {
			isa = PBXGroup;
			children = (
				42FC39AF222F4C3500F2FB8F /* FlightTracker.app */,
			);
			name = Products;
			sourceTree = "<group>";
		};
		42FC39B1222F4C3500F2FB8F /* FlightTracker */ = {
			isa = PBXGroup;
			children = (
				42FC39C8222F54AB00F2FB8F /* Models */,
				42FC39C9222F54B000F2FB8F /* Views */,
				42FC39CA222F54D100F2FB8F /* Controllers */,
				42FC39CB222F54DB00F2FB8F /* Helpers */,
				42FC39CD222F55A100F2FB8F /* Clients */,
				42FC39CC222F54E900F2FB8F /* Resources */,
				42FC39B2222F4C3500F2FB8F /* AppDelegate.swift */,
				42FC39B6222F4C3500F2FB8F /* Main.storyboard */,
				42FC39BB222F4C3700F2FB8F /* LaunchScreen.storyboard */,
				42FC39BE222F4C3700F2FB8F /* Info.plist */,
			);
			path = FlightTracker;
			sourceTree = "<group>";
		};
		42FC39C8222F54AB00F2FB8F /* Models */ = {
			isa = PBXGroup;
			children = (
				42FC39C4222F53E100F2FB8F /* Flight.swift */,
				42FC39DD223068F100F2FB8F /* Airport.swift */,
				42FC39E12230971200F2FB8F /* Plane.swift */,
			);
			path = Models;
			sourceTree = "<group>";
		};
		42FC39C9222F54B000F2FB8F /* Views */ = {
			isa = PBXGroup;
			children = (
				427CA15B22323FFA0047A0CB /* TableViewCell.swift */,
			);
			path = Views;
			sourceTree = "<group>";
		};
		42FC39CA222F54D100F2FB8F /* Controllers */ = {
			isa = PBXGroup;
			children = (
				42FC39CE222F56B000F2FB8F /* RequestViewController */,
				42FC39E52230A12300F2FB8F /* FlightViewController */,
				42FC39ED2230DE1800F2FB8F /* AirportsViewController */,
				427CA14C22322A090047A0CB /* SelectedViewController */,
				427CA15D223263960047A0CB /* FavoritesViewController */,
			);
			path = Controllers;
			sourceTree = "<group>";
		};
		42FC39CB222F54DB00F2FB8F /* Helpers */ = {
			isa = PBXGroup;
			children = (
				42FC39DF22308A1700F2FB8F /* Utils.swift */,
			);
			path = Helpers;
			sourceTree = "<group>";
		};
		42FC39CC222F54E900F2FB8F /* Resources */ = {
			isa = PBXGroup;
			children = (
				42FC39D3222F7B6A00F2FB8F /* SourceCodePro-Bold.otf */,
				42FC39D5222F7BA800F2FB8F /* SourceCodePro-Regular.otf */,
				42FC39E32230A05A00F2FB8F /* SourceSansPro-Regular.otf */,
				427CA1492231FAD80047A0CB /* SourceSansPro-Bold.otf */,
				42FC39D9222F7DD400F2FB8F /* BEBAS___.ttf */,
				42FC39DB222F837800F2FB8F /* VT323-Regular.ttf */,
				42FC39B9222F4C3700F2FB8F /* Assets.xcassets */,
				42FC39D7222F7BF000F2FB8F /* hexString.swift */,
				427CA155223238220047A0CB /* airportAnnotation.swift */,
			);
			path = Resources;
			sourceTree = "<group>";
		};
		42FC39CD222F55A100F2FB8F /* Clients */ = {
			isa = PBXGroup;
			children = (
				42FC39C6222F540E00F2FB8F /* LufthansaAPI.swift */,
			);
			path = Clients;
			sourceTree = "<group>";
		};
		42FC39CE222F56B000F2FB8F /* RequestViewController */ = {
			isa = PBXGroup;
			children = (
				42FC39CF222F56CB00F2FB8F /* RequestViewController.swift */,
				42FC39D1222F56EB00F2FB8F /* RequestVC - UISetup.swift */,
			);
			path = RequestViewController;
			sourceTree = "<group>";
		};
		42FC39E52230A12300F2FB8F /* FlightViewController */ = {
			isa = PBXGroup;
			children = (
				42FC39E62230A17900F2FB8F /* FlightViewController.swift */,
				42FC39E82230A18E00F2FB8F /* FlightVC - UISetup.swift */,
				42FC39EA2230A4A300F2FB8F /* FlightVC - Map.swift */,
			);
			path = FlightViewController;
			sourceTree = "<group>";
		};
		42FC39ED2230DE1800F2FB8F /* AirportsViewController */ = {
			isa = PBXGroup;
			children = (
				42FC39EE2230DE3A00F2FB8F /* AirportsViewController.swift */,
				42FC39F22230DE9600F2FB8F /* AirportsVC - Map.swift */,
			);
			path = AirportsViewController;
			sourceTree = "<group>";
		};
		63770107BF9AAFA00160FE60 /* Pods */ = {
			isa = PBXGroup;
			children = (
				25E5D47A6C85D5C94EA73F6F /* Pods-FlightTracker.debug.xcconfig */,
				2FCC6948C4C788FA6FAD1E13 /* Pods-FlightTracker.release.xcconfig */,
			);
			path = Pods;
			sourceTree = "<group>";
		};
		95A3C0CAAC0F93B847AC4EDD /* Frameworks */ = {
			isa = PBXGroup;
			children = (
				CD59FBB1B7EE1B2202D89389 /* Pods_FlightTracker.framework */,
			);
			name = Frameworks;
			sourceTree = "<group>";
		};
/* End PBXGroup section */

/* Begin PBXNativeTarget section */
		42FC39AE222F4C3500F2FB8F /* FlightTracker */ = {
			isa = PBXNativeTarget;
			buildConfigurationList = 42FC39C1222F4C3700F2FB8F /* Build configuration list for PBXNativeTarget "FlightTracker" */;
			buildPhases = (
				46442E31B3D81BCF0A2241A5 /* [CP] Check Pods Manifest.lock */,
				42FC39AB222F4C3500F2FB8F /* Sources */,
				42FC39AC222F4C3500F2FB8F /* Frameworks */,
				42FC39AD222F4C3500F2FB8F /* Resources */,
				DAF5F400253DBAA28D09E62E /* [CP] Embed Pods Frameworks */,
			);
			buildRules = (
			);
			dependencies = (
			);
			name = FlightTracker;
			productName = FlightTracker;
			productReference = 42FC39AF222F4C3500F2FB8F /* FlightTracker.app */;
			productType = "com.apple.product-type.application";
		};
/* End PBXNativeTarget section */

/* Begin PBXProject section */
		42FC39A7222F4C3500F2FB8F /* Project object */ = {
			isa = PBXProject;
			attributes = {
				LastSwiftUpdateCheck = 1010;
				LastUpgradeCheck = 1010;
				ORGANIZATIONNAME = "Candace Chiang";
				TargetAttributes = {
					42FC39AE222F4C3500F2FB8F = {
						CreatedOnToolsVersion = 10.1;
					};
				};
			};
			buildConfigurationList = 42FC39AA222F4C3500F2FB8F /* Build configuration list for PBXProject "FlightTracker" */;
			compatibilityVersion = "Xcode 9.3";
			developmentRegion = en;
			hasScannedForEncodings = 0;
			knownRegions = (
				en,
				Base,
			);
			mainGroup = 42FC39A6222F4C3500F2FB8F;
			productRefGroup = 42FC39B0222F4C3500F2FB8F /* Products */;
			projectDirPath = "";
			projectRoot = "";
			targets = (
				42FC39AE222F4C3500F2FB8F /* FlightTracker */,
			);
		};
/* End PBXProject section */

/* Begin PBXResourcesBuildPhase section */
		42FC39AD222F4C3500F2FB8F /* Resources */ = {
			isa = PBXResourcesBuildPhase;
			buildActionMask = 2147483647;
			files = (
				42FC39D4222F7B6A00F2FB8F /* SourceCodePro-Bold.otf in Resources */,
				427CA14A2231FAD80047A0CB /* SourceSansPro-Bold.otf in Resources */,
				42FC39BD222F4C3700F2FB8F /* LaunchScreen.storyboard in Resources */,
				42FC39BA222F4C3700F2FB8F /* Assets.xcassets in Resources */,
				42FC39D6222F7BA800F2FB8F /* SourceCodePro-Regular.otf in Resources */,
				42FC39DC222F837800F2FB8F /* VT323-Regular.ttf in Resources */,
				42FC39DA222F7DD400F2FB8F /* BEBAS___.ttf in Resources */,
				42FC39E42230A05A00F2FB8F /* SourceSansPro-Regular.otf in Resources */,
				42FC39B8222F4C3500F2FB8F /* Main.storyboard in Resources */,
			);
			runOnlyForDeploymentPostprocessing = 0;
		};
/* End PBXResourcesBuildPhase section */

/* Begin PBXShellScriptBuildPhase section */
		46442E31B3D81BCF0A2241A5 /* [CP] Check Pods Manifest.lock */ = {
			isa = PBXShellScriptBuildPhase;
			buildActionMask = 2147483647;
			files = (
			);
			inputFileListPaths = (
			);
			inputPaths = (
				"${PODS_PODFILE_DIR_PATH}/Podfile.lock",
				"${PODS_ROOT}/Manifest.lock",
			);
			name = "[CP] Check Pods Manifest.lock";
			outputFileListPaths = (
			);
			outputPaths = (
				"$(DERIVED_FILE_DIR)/Pods-FlightTracker-checkManifestLockResult.txt",
			);
			runOnlyForDeploymentPostprocessing = 0;
			shellPath = /bin/sh;
			shellScript = "diff \"${PODS_PODFILE_DIR_PATH}/Podfile.lock\" \"${PODS_ROOT}/Manifest.lock\" > /dev/null\nif [ $? != 0 ] ; then\n    # print error to STDERR\n    echo \"error: The sandbox is not in sync with the Podfile.lock. Run 'pod install' or update your CocoaPods installation.\" >&2\n    exit 1\nfi\n# This output is used by Xcode 'outputs' to avoid re-running this script phase.\necho \"SUCCESS\" > \"${SCRIPT_OUTPUT_FILE_0}\"\n";
			showEnvVarsInLog = 0;
		};
		DAF5F400253DBAA28D09E62E /* [CP] Embed Pods Frameworks */ = {
			isa = PBXShellScriptBuildPhase;
			buildActionMask = 2147483647;
			files = (
			);
			inputFileListPaths = (
			);
			inputPaths = (
				"${PODS_ROOT}/Target Support Files/Pods-FlightTracker/Pods-FlightTracker-frameworks.sh",
				"${BUILT_PRODUCTS_DIR}/Alamofire/Alamofire.framework",
				"${BUILT_PRODUCTS_DIR}/JGProgressHUD/JGProgressHUD.framework",
				"${BUILT_PRODUCTS_DIR}/SwiftyJSON/SwiftyJSON.framework",
			);
			name = "[CP] Embed Pods Frameworks";
			outputFileListPaths = (
			);
			outputPaths = (
				"${TARGET_BUILD_DIR}/${FRAMEWORKS_FOLDER_PATH}/Alamofire.framework",
				"${TARGET_BUILD_DIR}/${FRAMEWORKS_FOLDER_PATH}/JGProgressHUD.framework",
				"${TARGET_BUILD_DIR}/${FRAMEWORKS_FOLDER_PATH}/SwiftyJSON.framework",
			);
			runOnlyForDeploymentPostprocessing = 0;
			shellPath = /bin/sh;
			shellScript = "\"${PODS_ROOT}/Target Support Files/Pods-FlightTracker/Pods-FlightTracker-frameworks.sh\"\n";
			showEnvVarsInLog = 0;
		};
/* End PBXShellScriptBuildPhase section */

/* Begin PBXSourcesBuildPhase section */
		42FC39AB222F4C3500F2FB8F /* Sources */ = {
			isa = PBXSourcesBuildPhase;
			buildActionMask = 2147483647;
			files = (
				42FC39D8222F7BF000F2FB8F /* hexString.swift in Sources */,
				42FC39E22230971200F2FB8F /* Plane.swift in Sources */,
				42FC39C5222F53E100F2FB8F /* Flight.swift in Sources */,
				427CA15022322A580047A0CB /* SelectedVC - UISetup.swift in Sources */,
				42FC39C7222F540E00F2FB8F /* LufthansaAPI.swift in Sources */,
				427CA15C22323FFB0047A0CB /* TableViewCell.swift in Sources */,
				42FC39E72230A17900F2FB8F /* FlightViewController.swift in Sources */,
				42FC39E92230A18E00F2FB8F /* FlightVC - UISetup.swift in Sources */,
				42FC39DE223068F100F2FB8F /* Airport.swift in Sources */,
				427CA15822323A000047A0CB /* SelectedVC - Map.swift in Sources */,
				427CA1632232647C0047A0CB /* FavoritesVC - UISetup.swift in Sources */,
				427CA14E22322A450047A0CB /* SelectedViewController.swift in Sources */,
				42FC39D2222F56EB00F2FB8F /* RequestVC - UISetup.swift in Sources */,
				42FC39D0222F56CB00F2FB8F /* RequestViewController.swift in Sources */,
				427CA15A22323A580047A0CB /* SelectedVC - Table.swift in Sources */,
				427CA156223238220047A0CB /* airportAnnotation.swift in Sources */,
				42FC39F32230DE9600F2FB8F /* AirportsVC - Map.swift in Sources */,
				427CA15F223263CB0047A0CB /* FavoritesViewController.swift in Sources */,
				42FC39EF2230DE3A00F2FB8F /* AirportsViewController.swift in Sources */,
				42FC39EB2230A4A300F2FB8F /* FlightVC - Map.swift in Sources */,
				427CA1612232641F0047A0CB /* FavoritesVC - Table.swift in Sources */,
				42FC39B3222F4C3500F2FB8F /* AppDelegate.swift in Sources */,
				42FC39E022308A1700F2FB8F /* Utils.swift in Sources */,
			);
			runOnlyForDeploymentPostprocessing = 0;
		};
/* End PBXSourcesBuildPhase section */

/* Begin PBXVariantGroup section */
		42FC39B6222F4C3500F2FB8F /* Main.storyboard */ = {
			isa = PBXVariantGroup;
			children = (
				42FC39B7222F4C3500F2FB8F /* Base */,
			);
			name = Main.storyboard;
			sourceTree = "<group>";
		};
		42FC39BB222F4C3700F2FB8F /* LaunchScreen.storyboard */ = {
			isa = PBXVariantGroup;
			children = (
				42FC39BC222F4C3700F2FB8F /* Base */,
			);
			name = LaunchScreen.storyboard;
			sourceTree = "<group>";
		};
/* End PBXVariantGroup section */

/* Begin XCBuildConfiguration section */
		42FC39BF222F4C3700F2FB8F /* Debug */ = {
			isa = XCBuildConfiguration;
			buildSettings = {
				ALWAYS_SEARCH_USER_PATHS = NO;
				CLANG_ANALYZER_NONNULL = YES;
				CLANG_ANALYZER_NUMBER_OBJECT_CONVERSION = YES_AGGRESSIVE;
				CLANG_CXX_LANGUAGE_STANDARD = "gnu++14";
				CLANG_CXX_LIBRARY = "libc++";
				CLANG_ENABLE_MODULES = YES;
				CLANG_ENABLE_OBJC_ARC = YES;
				CLANG_ENABLE_OBJC_WEAK = YES;
				CLANG_WARN_BLOCK_CAPTURE_AUTORELEASING = YES;
				CLANG_WARN_BOOL_CONVERSION = YES;
				CLANG_WARN_COMMA = YES;
				CLANG_WARN_CONSTANT_CONVERSION = YES;
				CLANG_WARN_DEPRECATED_OBJC_IMPLEMENTATIONS = YES;
				CLANG_WARN_DIRECT_OBJC_ISA_USAGE = YES_ERROR;
				CLANG_WARN_DOCUMENTATION_COMMENTS = YES;
				CLANG_WARN_EMPTY_BODY = YES;
				CLANG_WARN_ENUM_CONVERSION = YES;
				CLANG_WARN_INFINITE_RECURSION = YES;
				CLANG_WARN_INT_CONVERSION = YES;
				CLANG_WARN_NON_LITERAL_NULL_CONVERSION = YES;
				CLANG_WARN_OBJC_IMPLICIT_RETAIN_SELF = YES;
				CLANG_WARN_OBJC_LITERAL_CONVERSION = YES;
				CLANG_WARN_OBJC_ROOT_CLASS = YES_ERROR;
				CLANG_WARN_RANGE_LOOP_ANALYSIS = YES;
				CLANG_WARN_STRICT_PROTOTYPES = YES;
				CLANG_WARN_SUSPICIOUS_MOVE = YES;
				CLANG_WARN_UNGUARDED_AVAILABILITY = YES_AGGRESSIVE;
				CLANG_WARN_UNREACHABLE_CODE = YES;
				CLANG_WARN__DUPLICATE_METHOD_MATCH = YES;
				CODE_SIGN_IDENTITY = "iPhone Developer";
				COPY_PHASE_STRIP = NO;
				DEBUG_INFORMATION_FORMAT = dwarf;
				ENABLE_STRICT_OBJC_MSGSEND = YES;
				ENABLE_TESTABILITY = YES;
				GCC_C_LANGUAGE_STANDARD = gnu11;
				GCC_DYNAMIC_NO_PIC = NO;
				GCC_NO_COMMON_BLOCKS = YES;
				GCC_OPTIMIZATION_LEVEL = 0;
				GCC_PREPROCESSOR_DEFINITIONS = (
					"DEBUG=1",
					"$(inherited)",
				);
				GCC_WARN_64_TO_32_BIT_CONVERSION = YES;
				GCC_WARN_ABOUT_RETURN_TYPE = YES_ERROR;
				GCC_WARN_UNDECLARED_SELECTOR = YES;
				GCC_WARN_UNINITIALIZED_AUTOS = YES_AGGRESSIVE;
				GCC_WARN_UNUSED_FUNCTION = YES;
				GCC_WARN_UNUSED_VARIABLE = YES;
				IPHONEOS_DEPLOYMENT_TARGET = 12.1;
				MTL_ENABLE_DEBUG_INFO = INCLUDE_SOURCE;
				MTL_FAST_MATH = YES;
				ONLY_ACTIVE_ARCH = YES;
				SDKROOT = iphoneos;
				SWIFT_ACTIVE_COMPILATION_CONDITIONS = DEBUG;
				SWIFT_OPTIMIZATION_LEVEL = "-Onone";
			};
			name = Debug;
		};
		42FC39C0222F4C3700F2FB8F /* Release */ = {
			isa = XCBuildConfiguration;
			buildSettings = {
				ALWAYS_SEARCH_USER_PATHS = NO;
				CLANG_ANALYZER_NONNULL = YES;
				CLANG_ANALYZER_NUMBER_OBJECT_CONVERSION = YES_AGGRESSIVE;
				CLANG_CXX_LANGUAGE_STANDARD = "gnu++14";
				CLANG_CXX_LIBRARY = "libc++";
				CLANG_ENABLE_MODULES = YES;
				CLANG_ENABLE_OBJC_ARC = YES;
				CLANG_ENABLE_OBJC_WEAK = YES;
				CLANG_WARN_BLOCK_CAPTURE_AUTORELEASING = YES;
				CLANG_WARN_BOOL_CONVERSION = YES;
				CLANG_WARN_COMMA = YES;
				CLANG_WARN_CONSTANT_CONVERSION = YES;
				CLANG_WARN_DEPRECATED_OBJC_IMPLEMENTATIONS = YES;
				CLANG_WARN_DIRECT_OBJC_ISA_USAGE = YES_ERROR;
				CLANG_WARN_DOCUMENTATION_COMMENTS = YES;
				CLANG_WARN_EMPTY_BODY = YES;
				CLANG_WARN_ENUM_CONVERSION = YES;
				CLANG_WARN_INFINITE_RECURSION = YES;
				CLANG_WARN_INT_CONVERSION = YES;
				CLANG_WARN_NON_LITERAL_NULL_CONVERSION = YES;
				CLANG_WARN_OBJC_IMPLICIT_RETAIN_SELF = YES;
				CLANG_WARN_OBJC_LITERAL_CONVERSION = YES;
				CLANG_WARN_OBJC_ROOT_CLASS = YES_ERROR;
				CLANG_WARN_RANGE_LOOP_ANALYSIS = YES;
				CLANG_WARN_STRICT_PROTOTYPES = YES;
				CLANG_WARN_SUSPICIOUS_MOVE = YES;
				CLANG_WARN_UNGUARDED_AVAILABILITY = YES_AGGRESSIVE;
				CLANG_WARN_UNREACHABLE_CODE = YES;
				CLANG_WARN__DUPLICATE_METHOD_MATCH = YES;
				CODE_SIGN_IDENTITY = "iPhone Developer";
				COPY_PHASE_STRIP = NO;
				DEBUG_INFORMATION_FORMAT = "dwarf-with-dsym";
				ENABLE_NS_ASSERTIONS = NO;
				ENABLE_STRICT_OBJC_MSGSEND = YES;
				GCC_C_LANGUAGE_STANDARD = gnu11;
				GCC_NO_COMMON_BLOCKS = YES;
				GCC_WARN_64_TO_32_BIT_CONVERSION = YES;
				GCC_WARN_ABOUT_RETURN_TYPE = YES_ERROR;
				GCC_WARN_UNDECLARED_SELECTOR = YES;
				GCC_WARN_UNINITIALIZED_AUTOS = YES_AGGRESSIVE;
				GCC_WARN_UNUSED_FUNCTION = YES;
				GCC_WARN_UNUSED_VARIABLE = YES;
				IPHONEOS_DEPLOYMENT_TARGET = 12.1;
				MTL_ENABLE_DEBUG_INFO = NO;
				MTL_FAST_MATH = YES;
				SDKROOT = iphoneos;
				SWIFT_COMPILATION_MODE = wholemodule;
				SWIFT_OPTIMIZATION_LEVEL = "-O";
				VALIDATE_PRODUCT = YES;
			};
			name = Release;
		};
		42FC39C2222F4C3700F2FB8F /* Debug */ = {
			isa = XCBuildConfiguration;
			baseConfigurationReference = 25E5D47A6C85D5C94EA73F6F /* Pods-FlightTracker.debug.xcconfig */;
			buildSettings = {
				ASSETCATALOG_COMPILER_APPICON_NAME = AppIcon;
				CODE_SIGN_STYLE = Automatic;
				DEVELOPMENT_TEAM = 2CKJ95J2AZ;
				INFOPLIST_FILE = FlightTracker/Info.plist;
				LD_RUNPATH_SEARCH_PATHS = (
					"$(inherited)",
					"@executable_path/Frameworks",
				);
				PRODUCT_BUNDLE_IDENTIFIER = cchiang.FlightTracker;
				PRODUCT_NAME = "$(TARGET_NAME)";
				SWIFT_VERSION = 4.2;
				TARGETED_DEVICE_FAMILY = "1,2";
			};
			name = Debug;
		};
		42FC39C3222F4C3700F2FB8F /* Release */ = {
			isa = XCBuildConfiguration;
			baseConfigurationReference = 2FCC6948C4C788FA6FAD1E13 /* Pods-FlightTracker.release.xcconfig */;
			buildSettings = {
				ASSETCATALOG_COMPILER_APPICON_NAME = AppIcon;
				CODE_SIGN_STYLE = Automatic;
				DEVELOPMENT_TEAM = 2CKJ95J2AZ;
				INFOPLIST_FILE = FlightTracker/Info.plist;
				LD_RUNPATH_SEARCH_PATHS = (
					"$(inherited)",
					"@executable_path/Frameworks",
				);
				PRODUCT_BUNDLE_IDENTIFIER = cchiang.FlightTracker;
				PRODUCT_NAME = "$(TARGET_NAME)";
				SWIFT_VERSION = 4.2;
				TARGETED_DEVICE_FAMILY = "1,2";
			};
			name = Release;
		};
/* End XCBuildConfiguration section */

/* Begin XCConfigurationList section */
		42FC39AA222F4C3500F2FB8F /* Build configuration list for PBXProject "FlightTracker" */ = {
			isa = XCConfigurationList;
			buildConfigurations = (
				42FC39BF222F4C3700F2FB8F /* Debug */,
				42FC39C0222F4C3700F2FB8F /* Release */,
			);
			defaultConfigurationIsVisible = 0;
			defaultConfigurationName = Release;
		};
		42FC39C1222F4C3700F2FB8F /* Build configuration list for PBXNativeTarget "FlightTracker" */ = {
			isa = XCConfigurationList;
			buildConfigurations = (
				42FC39C2222F4C3700F2FB8F /* Debug */,
				42FC39C3222F4C3700F2FB8F /* Release */,
			);
			defaultConfigurationIsVisible = 0;
			defaultConfigurationName = Release;
		};
/* End XCConfigurationList section */
	};
	rootObject = 42FC39A7222F4C3500F2FB8F /* Project object */;
}
